
Microsoft Visual Studio Solution File, Format Version 10.00
# Visual Studio 2008
Project("{8BC9CEB8-8B4A-11D0-8D11-00A0C91BC942}") = "ATCSIM_Controller_New", "ATCSIM_Controller_New\ATCSIM_Controller_New.vcproj", "{1583763F-EE6A-4380-87E6-1B97F1875921}"
EndProject
Global
	GlobalSection(SolutionConfigurationPlatforms) = preSolution
		Debug|Win32 = Debug|Win32
		Release|Win32 = Release|Win32
	EndGlobalSection
	GlobalSection(ProjectConfigurationPlatforms) = postSolution
		{1583763F-EE6A-4380-87E6-1B97F1875921}.Debug|Win32.ActiveCfg = Debug|Win32
		{1583763F-EE6A-4380-87E6-1B97F1875921}.Debug|Win32.Build.0 = Debug|Win32
		{1583763F-EE6A-4380-87E6-1B97F1875921}.Release|Win32.ActiveCfg = Release|Win32
		{1583763F-EE6A-4380-87E6-1B97F1875921}.Release|Win32.Build.0 = Release|Win32
	EndGlobalSection
	GlobalSection(SolutionProperties) = preSolution
		HideSolutionNode = FALSE
	EndGlobalSection
EndGlobal
